
Microsoft Visual Studio Solution File, Format Version 12.00
# Visual Studio Version 17
VisualStudioVersion = 17.14.36603.0
MinimumVisualStudioVersion = 10.0.40219.1
Project("{FAE04EC0-301F-11D3-BF4B-00C04F79EFBC}") = "AgendaShared", "AgendaShared\AgendaShared.csproj", "{BA474AAF-E84F-4FA5-83C5-0AEAC68FF416}"
EndProject
Project("{FAE04EC0-301F-11D3-BF4B-00C04F79EFBC}") = "AgendaMobile", "AgendaMobile\AgendaMobile.csproj", "{F3A7854E-3CF8-4ECA-9F7E-418E2720C7D7}"
	ProjectSection(ProjectDependencies) = postProject
		{BA474AAF-E84F-4FA5-83C5-0AEAC68FF416} = {BA474AAF-E84F-4FA5-83C5-0AEAC68FF416}
	EndProjectSection
EndProject
Project("{FAE04EC0-301F-11D3-BF4B-00C04F79EFBC}") = "AgendaApi", "AgendaApi\AgendaApi.csproj", "{799D3416-1950-6ACC-3AA9-0267869C9918}"
EndProject
Global
	GlobalSection(SolutionConfigurationPlatforms) = preSolution
		Debug|Any CPU = Debug|Any CPU
		Release|Any CPU = Release|Any CPU
	EndGlobalSection
	GlobalSection(ProjectConfigurationPlatforms) = postSolution
		{BA474AAF-E84F-4FA5-83C5-0AEAC68FF416}.Debug|Any CPU.ActiveCfg = Debug|Any CPU
		{BA474AAF-E84F-4FA5-83C5-0AEAC68FF416}.Debug|Any CPU.Build.0 = Debug|Any CPU
		{BA474AAF-E84F-4FA5-83C5-0AEAC68FF416}.Release|Any CPU.ActiveCfg = Release|Any CPU
		{BA474AAF-E84F-4FA5-83C5-0AEAC68FF416}.Release|Any CPU.Build.0 = Release|Any CPU
		{F3A7854E-3CF8-4ECA-9F7E-418E2720C7D7}.Debug|Any CPU.ActiveCfg = Debug|Any CPU
		{F3A7854E-3CF8-4ECA-9F7E-418E2720C7D7}.Debug|Any CPU.Build.0 = Debug|Any CPU
		{F3A7854E-3CF8-4ECA-9F7E-418E2720C7D7}.Debug|Any CPU.Deploy.0 = Debug|Any CPU
		{F3A7854E-3CF8-4ECA-9F7E-418E2720C7D7}.Release|Any CPU.ActiveCfg = Release|Any CPU
		{F3A7854E-3CF8-4ECA-9F7E-418E2720C7D7}.Release|Any CPU.Build.0 = Release|Any CPU
		{799D3416-1950-6ACC-3AA9-0267869C9918}.Debug|Any CPU.ActiveCfg = Debug|Any CPU
		{799D3416-1950-6ACC-3AA9-0267869C9918}.Debug|Any CPU.Build.0 = Debug|Any CPU
		{799D3416-1950-6ACC-3AA9-0267869C9918}.Release|Any CPU.ActiveCfg = Release|Any CPU
		{799D3416-1950-6ACC-3AA9-0267869C9918}.Release|Any CPU.Build.0 = Release|Any CPU
	EndGlobalSection
	GlobalSection(SolutionProperties) = preSolution
		HideSolutionNode = FALSE
	EndGlobalSection
	GlobalSection(ExtensibilityGlobals) = postSolution
		SolutionGuid = {6520DFB8-42F9-432F-AF03-B34E7196B64B}
	EndGlobalSection
EndGlobal
